
Microsoft Visual Studio Solution File, Format Version 12.00
# Visual Studio Version 17
VisualStudioVersion = 17.9.34607.119
MinimumVisualStudioVersion = 10.0.40219.1
Project("{FAE04EC0-301F-11D3-BF4B-00C04F79EFBC}") = "SocketServer", "SocketServer\SocketServer.csproj", "{26B54148-D30A-4AE4-9A2C-024F1D376061}"
EndProject
Global
	GlobalSection(SolutionConfigurationPlatforms) = preSolution
		Debug|Any CPU = Debug|Any CPU
		Release|Any CPU = Release|Any CPU
	EndGlobalSection
	GlobalSection(ProjectConfigurationPlatforms) = postSolution
		{26B54148-D30A-4AE4-9A2C-024F1D376061}.Debug|Any CPU.ActiveCfg = Debug|Any CPU
		{26B54148-D30A-4AE4-9A2C-024F1D376061}.Debug|Any CPU.Build.0 = Debug|Any CPU
		{26B54148-D30A-4AE4-9A2C-024F1D376061}.Release|Any CPU.ActiveCfg = Release|Any CPU
		{26B54148-D30A-4AE4-9A2C-024F1D376061}.Release|Any CPU.Build.0 = Release|Any CPU
	EndGlobalSection
	GlobalSection(SolutionProperties) = preSolution
		HideSolutionNode = FALSE
	EndGlobalSection
	GlobalSection(ExtensibilityGlobals) = postSolution
		SolutionGuid = {6D2FB0A1-ADB4-491A-951A-7D75EEFD2099}
	EndGlobalSection
EndGlobal
